
Microsoft Visual Studio Solution File, Format Version 12.00
# Visual Studio Version 17
VisualStudioVersion = 17.10.35027.167
MinimumVisualStudioVersion = 10.0.40219.1
Project("{FAE04EC0-301F-11D3-BF4B-00C04F79EFBC}") = "BankAccount", "BankAccount.csproj", "{64384807-09F9-406C-A1A8-05F0FDAD3FA9}"
EndProject
Global
	GlobalSection(SolutionConfigurationPlatforms) = preSolution
		Debug|Any CPU = Debug|Any CPU
		Release|Any CPU = Release|Any CPU
	EndGlobalSection
	GlobalSection(ProjectConfigurationPlatforms) = postSolution
		{64384807-09F9-406C-A1A8-05F0FDAD3FA9}.Debug|Any CPU.ActiveCfg = Debug|Any CPU
		{64384807-09F9-406C-A1A8-05F0FDAD3FA9}.Debug|Any CPU.Build.0 = Debug|Any CPU
		{64384807-09F9-406C-A1A8-05F0FDAD3FA9}.Release|Any CPU.ActiveCfg = Release|Any CPU
		{64384807-09F9-406C-A1A8-05F0FDAD3FA9}.Release|Any CPU.Build.0 = Release|Any CPU
	EndGlobalSection
	GlobalSection(SolutionProperties) = preSolution
		HideSolutionNode = FALSE
	EndGlobalSection
	GlobalSection(ExtensibilityGlobals) = postSolution
		SolutionGuid = {F91198F5-1111-441A-BD8B-402DFE082E1C}
	EndGlobalSection
EndGlobal
